// !$*UTF8*$!
{
	archiveVersion = 1;
	classes = {
	};
	objectVersion = 46;
	objects = {

/* Begin PBXBuildFile section */
		852E7F9D67401AC3693ADB7C /* Pods_URExampleScrollingAnimator.framework in Frameworks */ = {isa = PBXBuildFile; fileRef = AEFFA942052901470CFD9F8B /* Pods_URExampleScrollingAnimator.framework */; };
		971D9FBB1E8CE54D002BB42E /* URExampleDetailViewController.swift in Sources */ = {isa = PBXBuildFile; fileRef = 971D9FBA1E8CE54D002BB42E /* URExampleDetailViewController.swift */; };
		971D9FD11E8D0AEA002BB42E /* data.json in Resources */ = {isa = PBXBuildFile; fileRef = 971D9FD01E8D0AEA002BB42E /* data.json */; };
		971D9FD51E8D0AF3002BB42E /* img_0.png in Resources */ = {isa = PBXBuildFile; fileRef = 971D9FD21E8D0AF3002BB42E /* img_0.png */; };
		971D9FD61E8D0AF3002BB42E /* img_1.png in Resources */ = {isa = PBXBuildFile; fileRef = 971D9FD31E8D0AF3002BB42E /* img_1.png */; };
		971D9FD71E8D0AF3002BB42E /* img_2.png in Resources */ = {isa = PBXBuildFile; fileRef = 971D9FD41E8D0AF3002BB42E /* img_2.png */; };
		973B79531E89F9FD0097A9F1 /* URExampleScrollingAnimatorUITests.swift in Sources */ = {isa = PBXBuildFile; fileRef = 973B79521E89F9FD0097A9F1 /* URExampleScrollingAnimatorUITests.swift */; };
		9743C5B61E88A50E00F570ED /* AppDelegate.swift in Sources */ = {isa = PBXBuildFile; fileRef = 9743C5B51E88A50E00F570ED /* AppDelegate.swift */; };
		9743C5B81E88A50E00F570ED /* URExampleViewController.swift in Sources */ = {isa = PBXBuildFile; fileRef = 9743C5B71E88A50E00F570ED /* URExampleViewController.swift */; };
		9743C5BB1E88A50E00F570ED /* Main.storyboard in Resources */ = {isa = PBXBuildFile; fileRef = 9743C5B91E88A50E00F570ED /* Main.storyboard */; };
		9743C5BD1E88A50E00F570ED /* Assets.xcassets in Resources */ = {isa = PBXBuildFile; fileRef = 9743C5BC1E88A50E00F570ED /* Assets.xcassets */; };
		9743C5C01E88A50E00F570ED /* LaunchScreen.storyboard in Resources */ = {isa = PBXBuildFile; fileRef = 9743C5BE1E88A50E00F570ED /* LaunchScreen.storyboard */; };
		9743C5C81E88A61300F570ED /* URExampleTableViewCell.swift in Sources */ = {isa = PBXBuildFile; fileRef = 9743C5C71E88A61300F570ED /* URExampleTableViewCell.swift */; };
		97D46CD81E94F31E002771E6 /* URExample2ViewController.swift in Sources */ = {isa = PBXBuildFile; fileRef = 97D46CD71E94F31E002771E6 /* URExample2ViewController.swift */; };
		97D944CB1E975E01005FB9AB /* Gear_pump_animation.gif in Resources */ = {isa = PBXBuildFile; fileRef = 97D944CA1E975E01005FB9AB /* Gear_pump_animation.gif */; };
		97D944CD1E975E1A005FB9AB /* 747-tailstrike.gif in Resources */ = {isa = PBXBuildFile; fileRef = 97D944CC1E975E1A005FB9AB /* 747-tailstrike.gif */; };
/* End PBXBuildFile section */

/* Begin PBXContainerItemProxy section */
		973B79551E89F9FD0097A9F1 /* PBXContainerItemProxy */ = {
			isa = PBXContainerItemProxy;
			containerPortal = 9743C5AA1E88A50E00F570ED /* Project object */;
			proxyType = 1;
			remoteGlobalIDString = 9743C5B11E88A50E00F570ED;
			remoteInfo = URExampleScrollingAnimator;
		};
/* End PBXContainerItemProxy section */

/* Begin PBXFileReference section */
		606E1DBE38ED2391C7A8D4A9 /* Pods-URExampleScrollingAnimator.debug.xcconfig */ = {isa = PBXFileReference; includeInIndex = 1; lastKnownFileType = text.xcconfig; name = "Pods-URExampleScrollingAnimator.debug.xcconfig"; path = "Pods/Target Support Files/Pods-URExampleScrollingAnimator/Pods-URExampleScrollingAnimator.debug.xcconfig"; sourceTree = "<group>"; };
		8D6DCD125E5D37143756DA83 /* Pods-URExampleScrollingAnimator.release.xcconfig */ = {isa = PBXFileReference; includeInIndex = 1; lastKnownFileType = text.xcconfig; name = "Pods-URExampleScrollingAnimator.release.xcconfig"; path = "Pods/Target Support Files/Pods-URExampleScrollingAnimator/Pods-URExampleScrollingAnimator.release.xcconfig"; sourceTree = "<group>"; };
		971D9FBA1E8CE54D002BB42E /* URExampleDetailViewController.swift */ = {isa = PBXFileReference; fileEncoding = 4; lastKnownFileType = sourcecode.swift; path = URExampleDetailViewController.swift; sourceTree = "<group>"; };
		971D9FD01E8D0AEA002BB42E /* data.json */ = {isa = PBXFileReference; fileEncoding = 4; lastKnownFileType = text.json; name = data.json; path = animationAssets/data.json; sourceTree = "<group>"; };
		971D9FD21E8D0AF3002BB42E /* img_0.png */ = {isa = PBXFileReference; lastKnownFileType = image.png; name = img_0.png; path = animationAssets/images/img_0.png; sourceTree = "<group>"; };
		971D9FD31E8D0AF3002BB42E /* img_1.png */ = {isa = PBXFileReference; lastKnownFileType = image.png; name = img_1.png; path = animationAssets/images/img_1.png; sourceTree = "<group>"; };
		971D9FD41E8D0AF3002BB42E /* img_2.png */ = {isa = PBXFileReference; lastKnownFileType = image.png; name = img_2.png; path = animationAssets/images/img_2.png; sourceTree = "<group>"; };
		973B79501E89F9FD0097A9F1 /* URExampleScrollingAnimatorUITests.xctest */ = {isa = PBXFileReference; explicitFileType = wrapper.cfbundle; includeInIndex = 0; path = URExampleScrollingAnimatorUITests.xctest; sourceTree = BUILT_PRODUCTS_DIR; };
		973B79521E89F9FD0097A9F1 /* URExampleScrollingAnimatorUITests.swift */ = {isa = PBXFileReference; lastKnownFileType = sourcecode.swift; path = URExampleScrollingAnimatorUITests.swift; sourceTree = "<group>"; };
		973B79541E89F9FD0097A9F1 /* Info.plist */ = {isa = PBXFileReference; lastKnownFileType = text.plist.xml; path = Info.plist; sourceTree = "<group>"; };
		9743C5B21E88A50E00F570ED /* URExampleScrollingAnimator.app */ = {isa = PBXFileReference; explicitFileType = wrapper.application; includeInIndex = 0; path = URExampleScrollingAnimator.app; sourceTree = BUILT_PRODUCTS_DIR; };
		9743C5B51E88A50E00F570ED /* AppDelegate.swift */ = {isa = PBXFileReference; lastKnownFileType = sourcecode.swift; path = AppDelegate.swift; sourceTree = "<group>"; };
		9743C5B71E88A50E00F570ED /* URExampleViewController.swift */ = {isa = PBXFileReference; lastKnownFileType = sourcecode.swift; path = URExampleViewController.swift; sourceTree = "<group>"; };
		9743C5BA1E88A50E00F570ED /* Base */ = {isa = PBXFileReference; lastKnownFileType = file.storyboard; name = Base; path = Base.lproj/Main.storyboard; sourceTree = "<group>"; };
		9743C5BC1E88A50E00F570ED /* Assets.xcassets */ = {isa = PBXFileReference; lastKnownFileType = folder.assetcatalog; path = Assets.xcassets; sourceTree = "<group>"; };
		9743C5BF1E88A50E00F570ED /* Base */ = {isa = PBXFileReference; lastKnownFileType = file.storyboard; name = Base; path = Base.lproj/LaunchScreen.storyboard; sourceTree = "<group>"; };
		9743C5C11E88A50E00F570ED /* Info.plist */ = {isa = PBXFileReference; lastKnownFileType = text.plist.xml; path = Info.plist; sourceTree = "<group>"; };
		9743C5C71E88A61300F570ED /* URExampleTableViewCell.swift */ = {isa = PBXFileReference; fileEncoding = 4; lastKnownFileType = sourcecode.swift; path = URExampleTableViewCell.swift; sourceTree = "<group>"; };
		97D46CD71E94F31E002771E6 /* URExample2ViewController.swift */ = {isa = PBXFileReference; fileEncoding = 4; lastKnownFileType = sourcecode.swift; path = URExample2ViewController.swift; sourceTree = "<group>"; };
		97D944CA1E975E01005FB9AB /* Gear_pump_animation.gif */ = {isa = PBXFileReference; lastKnownFileType = image.gif; path = Gear_pump_animation.gif; sourceTree = "<group>"; };
		97D944CC1E975E1A005FB9AB /* 747-tailstrike.gif */ = {isa = PBXFileReference; lastKnownFileType = image.gif; path = "747-tailstrike.gif"; sourceTree = "<group>"; };
		AEFFA942052901470CFD9F8B /* Pods_URExampleScrollingAnimator.framework */ = {isa = PBXFileReference; explicitFileType = wrapper.framework; includeInIndex = 0; path = Pods_URExampleScrollingAnimator.framework; sourceTree = BUILT_PRODUCTS_DIR; };
/* End PBXFileReference section */

/* Begin PBXFrameworksBuildPhase section */
		973B794D1E89F9FD0097A9F1 /* Frameworks */ = {
			isa = PBXFrameworksBuildPhase;
			buildActionMask = 2147483647;
			files = (
			);
			runOnlyForDeploymentPostprocessing = 0;
		};
		9743C5AF1E88A50E00F570ED /* Frameworks */ = {
			isa = PBXFrameworksBuildPhase;
			buildActionMask = 2147483647;
			files = (
				852E7F9D67401AC3693ADB7C /* Pods_URExampleScrollingAnimator.framework in Frameworks */,
			);
			runOnlyForDeploymentPostprocessing = 0;
		};
/* End PBXFrameworksBuildPhase section */

/* Begin PBXGroup section */
		776F59199BC4FCED95761D18 /* Pods */ = {
			isa = PBXGroup;
			children = (
				606E1DBE38ED2391C7A8D4A9 /* Pods-URExampleScrollingAnimator.debug.xcconfig */,
				8D6DCD125E5D37143756DA83 /* Pods-URExampleScrollingAnimator.release.xcconfig */,
			);
			name = Pods;
			sourceTree = "<group>";
		};
		7CB905E429838A602135649C /* Frameworks */ = {
			isa = PBXGroup;
			children = (
				AEFFA942052901470CFD9F8B /* Pods_URExampleScrollingAnimator.framework */,
			);
			name = Frameworks;
			sourceTree = "<group>";
		};
		971D9FC61E8D01E6002BB42E /* animationAssets */ = {
			isa = PBXGroup;
			children = (
				971D9FD01E8D0AEA002BB42E /* data.json */,
				971D9FC91E8D0213002BB42E /* images */,
			);
			name = animationAssets;
			sourceTree = "<group>";
		};
		971D9FC91E8D0213002BB42E /* images */ = {
			isa = PBXGroup;
			children = (
				971D9FD21E8D0AF3002BB42E /* img_0.png */,
				971D9FD31E8D0AF3002BB42E /* img_1.png */,
				971D9FD41E8D0AF3002BB42E /* img_2.png */,
			);
			name = images;
			sourceTree = "<group>";
		};
		973B79511E89F9FD0097A9F1 /* URExampleScrollingAnimatorUITests */ = {
			isa = PBXGroup;
			children = (
				973B79521E89F9FD0097A9F1 /* URExampleScrollingAnimatorUITests.swift */,
				973B79541E89F9FD0097A9F1 /* Info.plist */,
			);
			path = URExampleScrollingAnimatorUITests;
			sourceTree = "<group>";
		};
		9743C5A91E88A50E00F570ED = {
			isa = PBXGroup;
			children = (
				9743C5B41E88A50E00F570ED /* URExampleScrollingAnimator */,
				973B79511E89F9FD0097A9F1 /* URExampleScrollingAnimatorUITests */,
				97EC40281E94862C001A9BE5 /* Supports */,
				9743C5B31E88A50E00F570ED /* Products */,
				776F59199BC4FCED95761D18 /* Pods */,
				7CB905E429838A602135649C /* Frameworks */,
			);
			sourceTree = "<group>";
		};
		9743C5B31E88A50E00F570ED /* Products */ = {
			isa = PBXGroup;
			children = (
				9743C5B21E88A50E00F570ED /* URExampleScrollingAnimator.app */,
				973B79501E89F9FD0097A9F1 /* URExampleScrollingAnimatorUITests.xctest */,
			);
			name = Products;
			sourceTree = "<group>";
		};
		9743C5B41E88A50E00F570ED /* URExampleScrollingAnimator */ = {
			isa = PBXGroup;
			children = (
				971D9FC61E8D01E6002BB42E /* animationAssets */,
				9743C5B51E88A50E00F570ED /* AppDelegate.swift */,
				9743C5B71E88A50E00F570ED /* URExampleViewController.swift */,
				9743C5C71E88A61300F570ED /* URExampleTableViewCell.swift */,
				971D9FBA1E8CE54D002BB42E /* URExampleDetailViewController.swift */,
				97D46CD71E94F31E002771E6 /* URExample2ViewController.swift */,
				9743C5B91E88A50E00F570ED /* Main.storyboard */,
				9743C5BC1E88A50E00F570ED /* Assets.xcassets */,
				97D944CA1E975E01005FB9AB /* Gear_pump_animation.gif */,
				97D944CC1E975E1A005FB9AB /* 747-tailstrike.gif */,
				9743C5BE1E88A50E00F570ED /* LaunchScreen.storyboard */,
				9743C5C11E88A50E00F570ED /* Info.plist */,
			);
			path = URExampleScrollingAnimator;
			sourceTree = "<group>";
		};
		97EC40281E94862C001A9BE5 /* Supports */ = {
			isa = PBXGroup;
			children = (
			);
			name = Supports;
			path = URExampleScrollingAnimatorUITests;
			sourceTree = "<group>";
		};
/* End PBXGroup section */

/* Begin PBXNativeTarget section */
		973B794F1E89F9FD0097A9F1 /* URExampleScrollingAnimatorUITests */ = {
			isa = PBXNativeTarget;
			buildConfigurationList = 973B79591E89F9FD0097A9F1 /* Build configuration list for PBXNativeTarget "URExampleScrollingAnimatorUITests" */;
			buildPhases = (
				973B794C1E89F9FD0097A9F1 /* Sources */,
				973B794D1E89F9FD0097A9F1 /* Frameworks */,
				973B794E1E89F9FD0097A9F1 /* Resources */,
			);
			buildRules = (
			);
			dependencies = (
				973B79561E89F9FD0097A9F1 /* PBXTargetDependency */,
			);
			name = URExampleScrollingAnimatorUITests;
			productName = URExampleScrollingAnimatorUITests;
			productReference = 973B79501E89F9FD0097A9F1 /* URExampleScrollingAnimatorUITests.xctest */;
			productType = "com.apple.product-type.bundle.ui-testing";
		};
		9743C5B11E88A50E00F570ED /* URExampleScrollingAnimator */ = {
			isa = PBXNativeTarget;
			buildConfigurationList = 9743C5C41E88A50E00F570ED /* Build configuration list for PBXNativeTarget "URExampleScrollingAnimator" */;
			buildPhases = (
				39F96D5F4B785A8E9E0466A7 /* [CP] Check Pods Manifest.lock */,
				9743C5AE1E88A50E00F570ED /* Sources */,
				9743C5AF1E88A50E00F570ED /* Frameworks */,
				9743C5B01E88A50E00F570ED /* Resources */,
				B69AEA4762C5F5644A464919 /* [CP] Embed Pods Frameworks */,
				664E182E17D966390FE487E4 /* [CP] Copy Pods Resources */,
			);
			buildRules = (
			);
			dependencies = (
			);
			name = URExampleScrollingAnimator;
			productName = URExampleScrollingAnimator;
			productReference = 9743C5B21E88A50E00F570ED /* URExampleScrollingAnimator.app */;
			productType = "com.apple.product-type.application";
		};
/* End PBXNativeTarget section */

/* Begin PBXProject section */
		9743C5AA1E88A50E00F570ED /* Project object */ = {
			isa = PBXProject;
			attributes = {
				LastSwiftUpdateCheck = 0830;
				LastUpgradeCheck = 0820;
				ORGANIZATIONNAME = zigbang;
				TargetAttributes = {
					973B794F1E89F9FD0097A9F1 = {
						CreatedOnToolsVersion = 8.3;
						DevelopmentTeam = 7AX2JZT3L8;
						ProvisioningStyle = Automatic;
						TestTargetID = 9743C5B11E88A50E00F570ED;
					};
					9743C5B11E88A50E00F570ED = {
						CreatedOnToolsVersion = 8.2.1;
						DevelopmentTeam = 7AX2JZT3L8;
						ProvisioningStyle = Automatic;
					};
				};
			};
			buildConfigurationList = 9743C5AD1E88A50E00F570ED /* Build configuration list for PBXProject "URExampleScrollingAnimator" */;
			compatibilityVersion = "Xcode 3.2";
			developmentRegion = English;
			hasScannedForEncodings = 0;
			knownRegions = (
				en,
				Base,
			);
			mainGroup = 9743C5A91E88A50E00F570ED;
			productRefGroup = 9743C5B31E88A50E00F570ED /* Products */;
			projectDirPath = "";
			projectRoot = "";
			targets = (
				9743C5B11E88A50E00F570ED /* URExampleScrollingAnimator */,
				973B794F1E89F9FD0097A9F1 /* URExampleScrollingAnimatorUITests */,
			);
		};
/* End PBXProject section */

/* Begin PBXResourcesBuildPhase section */
		973B794E1E89F9FD0097A9F1 /* Resources */ = {
			isa = PBXResourcesBuildPhase;
			buildActionMask = 2147483647;
			files = (
			);
			runOnlyForDeploymentPostprocessing = 0;
		};
		9743C5B01E88A50E00F570ED /* Resources */ = {
			isa = PBXResourcesBuildPhase;
			buildActionMask = 2147483647;
			files = (
				971D9FD51E8D0AF3002BB42E /* img_0.png in Resources */,
				971D9FD11E8D0AEA002BB42E /* data.json in Resources */,
				97D944CB1E975E01005FB9AB /* Gear_pump_animation.gif in Resources */,
				9743C5C01E88A50E00F570ED /* LaunchScreen.storyboard in Resources */,
				9743C5BD1E88A50E00F570ED /* Assets.xcassets in Resources */,
				9743C5BB1E88A50E00F570ED /* Main.storyboard in Resources */,
				971D9FD71E8D0AF3002BB42E /* img_2.png in Resources */,
				97D944CD1E975E1A005FB9AB /* 747-tailstrike.gif in Resources */,
				971D9FD61E8D0AF3002BB42E /* img_1.png in Resources */,
			);
			runOnlyForDeploymentPostprocessing = 0;
		};
/* End PBXResourcesBuildPhase section */

/* Begin PBXShellScriptBuildPhase section */
		39F96D5F4B785A8E9E0466A7 /* [CP] Check Pods Manifest.lock */ = {
			isa = PBXShellScriptBuildPhase;
			buildActionMask = 2147483647;
			files = (
			);
			inputPaths = (
			);
			name = "[CP] Check Pods Manifest.lock";
			outputPaths = (
			);
			runOnlyForDeploymentPostprocessing = 0;
			shellPath = /bin/sh;
			shellScript = "diff \"${PODS_PODFILE_DIR_PATH}/Podfile.lock\" \"${PODS_ROOT}/Manifest.lock\" > /dev/null\nif [ $? != 0 ] ; then\n    # print error to STDERR\n    echo \"error: The sandbox is not in sync with the Podfile.lock. Run 'pod install' or update your CocoaPods installation.\" >&2\n    exit 1\nfi\n";
			showEnvVarsInLog = 0;
		};
		664E182E17D966390FE487E4 /* [CP] Copy Pods Resources */ = {
			isa = PBXShellScriptBuildPhase;
			buildActionMask = 2147483647;
			files = (
			);
			inputPaths = (
			);
			name = "[CP] Copy Pods Resources";
			outputPaths = (
			);
			runOnlyForDeploymentPostprocessing = 0;
			shellPath = /bin/sh;
			shellScript = "\"${SRCROOT}/Pods/Target Support Files/Pods-URExampleScrollingAnimator/Pods-URExampleScrollingAnimator-resources.sh\"\n";
			showEnvVarsInLog = 0;
		};
		B69AEA4762C5F5644A464919 /* [CP] Embed Pods Frameworks */ = {
			isa = PBXShellScriptBuildPhase;
			buildActionMask = 2147483647;
			files = (
			);
			inputPaths = (
			);
			name = "[CP] Embed Pods Frameworks";
			outputPaths = (
			);
			runOnlyForDeploymentPostprocessing = 0;
			shellPath = /bin/sh;
			shellScript = "\"${SRCROOT}/Pods/Target Support Files/Pods-URExampleScrollingAnimator/Pods-URExampleScrollingAnimator-frameworks.sh\"\n";
			showEnvVarsInLog = 0;
		};
/* End PBXShellScriptBuildPhase section */

/* Begin PBXSourcesBuildPhase section */
		973B794C1E89F9FD0097A9F1 /* Sources */ = {
			isa = PBXSourcesBuildPhase;
			buildActionMask = 2147483647;
			files = (
				973B79531E89F9FD0097A9F1 /* URExampleScrollingAnimatorUITests.swift in Sources */,
			);
			runOnlyForDeploymentPostprocessing = 0;
		};
		9743C5AE1E88A50E00F570ED /* Sources */ = {
			isa = PBXSourcesBuildPhase;
			buildActionMask = 2147483647;
			files = (
				9743C5C81E88A61300F570ED /* URExampleTableViewCell.swift in Sources */,
				9743C5B81E88A50E00F570ED /* URExampleViewController.swift in Sources */,
				9743C5B61E88A50E00F570ED /* AppDelegate.swift in Sources */,
				971D9FBB1E8CE54D002BB42E /* URExampleDetailViewController.swift in Sources */,
				97D46CD81E94F31E002771E6 /* URExample2ViewController.swift in Sources */,
			);
			runOnlyForDeploymentPostprocessing = 0;
		};
/* End PBXSourcesBuildPhase section */

/* Begin PBXTargetDependency section */
		973B79561E89F9FD0097A9F1 /* PBXTargetDependency */ = {
			isa = PBXTargetDependency;
			target = 9743C5B11E88A50E00F570ED /* URExampleScrollingAnimator */;
			targetProxy = 973B79551E89F9FD0097A9F1 /* PBXContainerItemProxy */;
		};
/* End PBXTargetDependency section */

/* Begin PBXVariantGroup section */
		9743C5B91E88A50E00F570ED /* Main.storyboard */ = {
			isa = PBXVariantGroup;
			children = (
				9743C5BA1E88A50E00F570ED /* Base */,
			);
			name = Main.storyboard;
			sourceTree = "<group>";
		};
		9743C5BE1E88A50E00F570ED /* LaunchScreen.storyboard */ = {
			isa = PBXVariantGroup;
			children = (
				9743C5BF1E88A50E00F570ED /* Base */,
			);
			name = LaunchScreen.storyboard;
			sourceTree = "<group>";
		};
/* End PBXVariantGroup section */

/* Begin XCBuildConfiguration section */
		973B79571E89F9FD0097A9F1 /* Debug */ = {
			isa = XCBuildConfiguration;
			buildSettings = {
				CLANG_ANALYZER_NUMBER_OBJECT_CONVERSION = YES_AGGRESSIVE;
				DEVELOPMENT_TEAM = 7AX2JZT3L8;
				INFOPLIST_FILE = URExampleScrollingAnimatorUITests/Info.plist;
				IPHONEOS_DEPLOYMENT_TARGET = 10.3;
				LD_RUNPATH_SEARCH_PATHS = "$(inherited) @executable_path/Frameworks @loader_path/Frameworks";
				PRODUCT_BUNDLE_IDENTIFIER = com.zigbang.URExampleScrollingAnimatorUITests;
				PRODUCT_NAME = "$(TARGET_NAME)";
				SWIFT_VERSION = 3.0;
				TEST_TARGET_NAME = URExampleScrollingAnimator;
			};
			name = Debug;
		};
		973B79581E89F9FD0097A9F1 /* Release */ = {
			isa = XCBuildConfiguration;
			buildSettings = {
				CLANG_ANALYZER_NUMBER_OBJECT_CONVERSION = YES_AGGRESSIVE;
				DEVELOPMENT_TEAM = 7AX2JZT3L8;
				INFOPLIST_FILE = URExampleScrollingAnimatorUITests/Info.plist;
				IPHONEOS_DEPLOYMENT_TARGET = 10.3;
				LD_RUNPATH_SEARCH_PATHS = "$(inherited) @executable_path/Frameworks @loader_path/Frameworks";
				PRODUCT_BUNDLE_IDENTIFIER = com.zigbang.URExampleScrollingAnimatorUITests;
				PRODUCT_NAME = "$(TARGET_NAME)";
				SWIFT_VERSION = 3.0;
				TEST_TARGET_NAME = URExampleScrollingAnimator;
			};
			name = Release;
		};
		9743C5C21E88A50E00F570ED /* Debug */ = {
			isa = XCBuildConfiguration;
			buildSettings = {
				ALWAYS_SEARCH_USER_PATHS = NO;
				CLANG_ANALYZER_NONNULL = YES;
				CLANG_CXX_LANGUAGE_STANDARD = "gnu++0x";
				CLANG_CXX_LIBRARY = "libc++";
				CLANG_ENABLE_MODULES = YES;
				CLANG_ENABLE_OBJC_ARC = YES;
				CLANG_WARN_BOOL_CONVERSION = YES;
				CLANG_WARN_CONSTANT_CONVERSION = YES;
				CLANG_WARN_DIRECT_OBJC_ISA_USAGE = YES_ERROR;
				CLANG_WARN_DOCUMENTATION_COMMENTS = YES;
				CLANG_WARN_EMPTY_BODY = YES;
				CLANG_WARN_ENUM_CONVERSION = YES;
				CLANG_WARN_INFINITE_RECURSION = YES;
				CLANG_WARN_INT_CONVERSION = YES;
				CLANG_WARN_OBJC_ROOT_CLASS = YES_ERROR;
				CLANG_WARN_SUSPICIOUS_MOVE = YES;
				CLANG_WARN_UNREACHABLE_CODE = YES;
				CLANG_WARN__DUPLICATE_METHOD_MATCH = YES;
				"CODE_SIGN_IDENTITY[sdk=iphoneos*]" = "iPhone Developer";
				COPY_PHASE_STRIP = NO;
				DEBUG_INFORMATION_FORMAT = dwarf;
				ENABLE_STRICT_OBJC_MSGSEND = YES;
				ENABLE_TESTABILITY = YES;
				GCC_C_LANGUAGE_STANDARD = gnu99;
				GCC_DYNAMIC_NO_PIC = NO;
				GCC_NO_COMMON_BLOCKS = YES;
				GCC_OPTIMIZATION_LEVEL = 0;
				GCC_PREPROCESSOR_DEFINITIONS = (
					"DEBUG=1",
					"$(inherited)",
				);
				GCC_WARN_64_TO_32_BIT_CONVERSION = YES;
				GCC_WARN_ABOUT_RETURN_TYPE = YES_ERROR;
				GCC_WARN_UNDECLARED_SELECTOR = YES;
				GCC_WARN_UNINITIALIZED_AUTOS = YES_AGGRESSIVE;
				GCC_WARN_UNUSED_FUNCTION = YES;
				GCC_WARN_UNUSED_VARIABLE = YES;
				IPHONEOS_DEPLOYMENT_TARGET = 10.2;
				MTL_ENABLE_DEBUG_INFO = YES;
				ONLY_ACTIVE_ARCH = YES;
				SDKROOT = iphoneos;
				SWIFT_ACTIVE_COMPILATION_CONDITIONS = DEBUG;
				SWIFT_OPTIMIZATION_LEVEL = "-Onone";
			};
			name = Debug;
		};
		9743C5C31E88A50E00F570ED /* Release */ = {
			isa = XCBuildConfiguration;
			buildSettings = {
				ALWAYS_SEARCH_USER_PATHS = NO;
				CLANG_ANALYZER_NONNULL = YES;
				CLANG_CXX_LANGUAGE_STANDARD = "gnu++0x";
				CLANG_CXX_LIBRARY = "libc++";
				CLANG_ENABLE_MODULES = YES;
				CLANG_ENABLE_OBJC_ARC = YES;
				CLANG_WARN_BOOL_CONVERSION = YES;
				CLANG_WARN_CONSTANT_CONVERSION = YES;
				CLANG_WARN_DIRECT_OBJC_ISA_USAGE = YES_ERROR;
				CLANG_WARN_DOCUMENTATION_COMMENTS = YES;
				CLANG_WARN_EMPTY_BODY = YES;
				CLANG_WARN_ENUM_CONVERSION = YES;
				CLANG_WARN_INFINITE_RECURSION = YES;
				CLANG_WARN_INT_CONVERSION = YES;
				CLANG_WARN_OBJC_ROOT_CLASS = YES_ERROR;
				CLANG_WARN_SUSPICIOUS_MOVE = YES;
				CLANG_WARN_UNREACHABLE_CODE = YES;
				CLANG_WARN__DUPLICATE_METHOD_MATCH = YES;
				"CODE_SIGN_IDENTITY[sdk=iphoneos*]" = "iPhone Developer";
				COPY_PHASE_STRIP = NO;
				DEBUG_INFORMATION_FORMAT = "dwarf-with-dsym";
				ENABLE_NS_ASSERTIONS = NO;
				ENABLE_STRICT_OBJC_MSGSEND = YES;
				GCC_C_LANGUAGE_STANDARD = gnu99;
				GCC_NO_COMMON_BLOCKS = YES;
				GCC_WARN_64_TO_32_BIT_CONVERSION = YES;
				GCC_WARN_ABOUT_RETURN_TYPE = YES_ERROR;
				GCC_WARN_UNDECLARED_SELECTOR = YES;
				GCC_WARN_UNINITIALIZED_AUTOS = YES_AGGRESSIVE;
				GCC_WARN_UNUSED_FUNCTION = YES;
				GCC_WARN_UNUSED_VARIABLE = YES;
				IPHONEOS_DEPLOYMENT_TARGET = 10.2;
				MTL_ENABLE_DEBUG_INFO = NO;
				SDKROOT = iphoneos;
				SWIFT_OPTIMIZATION_LEVEL = "-Owholemodule";
				VALIDATE_PRODUCT = YES;
			};
			name = Release;
		};
		9743C5C51E88A50E00F570ED /* Debug */ = {
			isa = XCBuildConfiguration;
			baseConfigurationReference = 606E1DBE38ED2391C7A8D4A9 /* Pods-URExampleScrollingAnimator.debug.xcconfig */;
			buildSettings = {
				ASSETCATALOG_COMPILER_APPICON_NAME = AppIcon;
				DEVELOPMENT_TEAM = 7AX2JZT3L8;
				INFOPLIST_FILE = URExampleScrollingAnimator/Info.plist;
				LD_RUNPATH_SEARCH_PATHS = "$(inherited) @executable_path/Frameworks";
				PRODUCT_BUNDLE_IDENTIFIER = com.zigbang.URExampleScrollingAnimator;
				PRODUCT_NAME = "$(TARGET_NAME)";
				SWIFT_VERSION = 3.0;
			};
			name = Debug;
		};
		9743C5C61E88A50E00F570ED /* Release */ = {
			isa = XCBuildConfiguration;
			baseConfigurationReference = 8D6DCD125E5D37143756DA83 /* Pods-URExampleScrollingAnimator.release.xcconfig */;
			buildSettings = {
				ASSETCATALOG_COMPILER_APPICON_NAME = AppIcon;
				DEVELOPMENT_TEAM = 7AX2JZT3L8;
				INFOPLIST_FILE = URExampleScrollingAnimator/Info.plist;
				LD_RUNPATH_SEARCH_PATHS = "$(inherited) @executable_path/Frameworks";
				PRODUCT_BUNDLE_IDENTIFIER = com.zigbang.URExampleScrollingAnimator;
				PRODUCT_NAME = "$(TARGET_NAME)";
				SWIFT_VERSION = 3.0;
			};
			name = Release;
		};
/* End XCBuildConfiguration section */

/* Begin XCConfigurationList section */
		973B79591E89F9FD0097A9F1 /* Build configuration list for PBXNativeTarget "URExampleScrollingAnimatorUITests" */ = {
			isa = XCConfigurationList;
			buildConfigurations = (
				973B79571E89F9FD0097A9F1 /* Debug */,
				973B79581E89F9FD0097A9F1 /* Release */,
			);
			defaultConfigurationIsVisible = 0;
			defaultConfigurationName = Release;
		};
		9743C5AD1E88A50E00F570ED /* Build configuration list for PBXProject "URExampleScrollingAnimator" */ = {
			isa = XCConfigurationList;
			buildConfigurations = (
				9743C5C21E88A50E00F570ED /* Debug */,
				9743C5C31E88A50E00F570ED /* Release */,
			);
			defaultConfigurationIsVisible = 0;
			defaultConfigurationName = Release;
		};
		9743C5C41E88A50E00F570ED /* Build configuration list for PBXNativeTarget "URExampleScrollingAnimator" */ = {
			isa = XCConfigurationList;
			buildConfigurations = (
				9743C5C51E88A50E00F570ED /* Debug */,
				9743C5C61E88A50E00F570ED /* Release */,
			);
			defaultConfigurationIsVisible = 0;
			defaultConfigurationName = Release;
		};
/* End XCConfigurationList section */
	};
	rootObject = 9743C5AA1E88A50E00F570ED /* Project object */;
}
